
Microsoft Visual Studio Solution File, Format Version 12.00
# Visual Studio Version 16
VisualStudioVersion = 16.0.33214.272
MinimumVisualStudioVersion = 10.0.40219.1
Project("{FAE04EC0-301F-11D3-BF4B-00C04F79EFBC}") = "UI_CLINICA", "UI_CLINICA\UI_CLINICA.csproj", "{9ADD4A2D-9DB6-4C74-8D0E-E88142F31633}"
EndProject
Project("{FAE04EC0-301F-11D3-BF4B-00C04F79EFBC}") = "BLL_Clinica", "BLL_Clinica\BLL_Clinica.csproj", "{86B07810-6438-4D32-879C-E63C7C4FFCEF}"
EndProject
Project("{FAE04EC0-301F-11D3-BF4B-00C04F79EFBC}") = "DAL_Clinica", "DAL_Clinica\DAL_Clinica.csproj", "{817DF985-A6E8-4460-9B7E-E3BD35735F5D}"
EndProject
Project("{9A19103F-16F7-4668-BE54-9A1E7A4F7556}") = "ConsoleApp1", "..\..\source\repos\ConsoleApp1\ConsoleApp1\ConsoleApp1.csproj", "{0E446478-7105-4C85-9401-E2CD0197DBB1}"
EndProject
Global
	GlobalSection(SolutionConfigurationPlatforms) = preSolution
		Debug|Any CPU = Debug|Any CPU
		Release|Any CPU = Release|Any CPU
	EndGlobalSection
	GlobalSection(ProjectConfigurationPlatforms) = postSolution
		{9ADD4A2D-9DB6-4C74-8D0E-E88142F31633}.Debug|Any CPU.ActiveCfg = Debug|Any CPU
		{9ADD4A2D-9DB6-4C74-8D0E-E88142F31633}.Debug|Any CPU.Build.0 = Debug|Any CPU
		{9ADD4A2D-9DB6-4C74-8D0E-E88142F31633}.Release|Any CPU.ActiveCfg = Release|Any CPU
		{9ADD4A2D-9DB6-4C74-8D0E-E88142F31633}.Release|Any CPU.Build.0 = Release|Any CPU
		{86B07810-6438-4D32-879C-E63C7C4FFCEF}.Debug|Any CPU.ActiveCfg = Debug|Any CPU
		{86B07810-6438-4D32-879C-E63C7C4FFCEF}.Debug|Any CPU.Build.0 = Debug|Any CPU
		{86B07810-6438-4D32-879C-E63C7C4FFCEF}.Release|Any CPU.ActiveCfg = Release|Any CPU
		{86B07810-6438-4D32-879C-E63C7C4FFCEF}.Release|Any CPU.Build.0 = Release|Any CPU
		{817DF985-A6E8-4460-9B7E-E3BD35735F5D}.Debug|Any CPU.ActiveCfg = Debug|Any CPU
		{817DF985-A6E8-4460-9B7E-E3BD35735F5D}.Debug|Any CPU.Build.0 = Debug|Any CPU
		{817DF985-A6E8-4460-9B7E-E3BD35735F5D}.Release|Any CPU.ActiveCfg = Release|Any CPU
		{817DF985-A6E8-4460-9B7E-E3BD35735F5D}.Release|Any CPU.Build.0 = Release|Any CPU
		{0E446478-7105-4C85-9401-E2CD0197DBB1}.Debug|Any CPU.ActiveCfg = Debug|Any CPU
		{0E446478-7105-4C85-9401-E2CD0197DBB1}.Debug|Any CPU.Build.0 = Debug|Any CPU
		{0E446478-7105-4C85-9401-E2CD0197DBB1}.Release|Any CPU.ActiveCfg = Release|Any CPU
		{0E446478-7105-4C85-9401-E2CD0197DBB1}.Release|Any CPU.Build.0 = Release|Any CPU
	EndGlobalSection
	GlobalSection(SolutionProperties) = preSolution
		HideSolutionNode = FALSE
	EndGlobalSection
	GlobalSection(ExtensibilityGlobals) = postSolution
		SolutionGuid = {192BE048-4125-45A0-9676-266BABC2E8AF}
	EndGlobalSection
EndGlobal
